// !$*UTF8*$!
{
	archiveVersion = 1;
	classes = {
	};
	objectVersion = 56;
	objects = {

/* Begin PBXBuildFile section */
		0E2F99582A48ED6300CFFE03 /* crypto_cubeApp.swift in Sources */ = {isa = PBXBuildFile; fileRef = 0E2F99572A48ED6300CFFE03 /* crypto_cubeApp.swift */; };
		0E2F995A2A48ED6300CFFE03 /* ContentView.swift in Sources */ = {isa = PBXBuildFile; fileRef = 0E2F99592A48ED6300CFFE03 /* ContentView.swift */; };
		0E2F995C2A48ED6500CFFE03 /* Assets.xcassets in Resources */ = {isa = PBXBuildFile; fileRef = 0E2F995B2A48ED6500CFFE03 /* Assets.xcassets */; };
		0E2F995F2A48ED6500CFFE03 /* Preview Assets.xcassets in Resources */ = {isa = PBXBuildFile; fileRef = 0E2F995E2A48ED6500CFFE03 /* Preview Assets.xcassets */; };
		0E2F99692A48ED6600CFFE03 /* crypto_cubeTests.swift in Sources */ = {isa = PBXBuildFile; fileRef = 0E2F99682A48ED6600CFFE03 /* crypto_cubeTests.swift */; };
		0E2F99732A48ED6600CFFE03 /* crypto_cubeUITests.swift in Sources */ = {isa = PBXBuildFile; fileRef = 0E2F99722A48ED6600CFFE03 /* crypto_cubeUITests.swift */; };
		0E2F99752A48ED6600CFFE03 /* crypto_cubeUITestsLaunchTests.swift in Sources */ = {isa = PBXBuildFile; fileRef = 0E2F99742A48ED6600CFFE03 /* crypto_cubeUITestsLaunchTests.swift */; };
		0E2F998A2A497FB200CFFE03 /* User.swift in Sources */ = {isa = PBXBuildFile; fileRef = 0E2F99892A497FB200CFFE03 /* User.swift */; };
		0E2F998C2A49819000CFFE03 /* RegistrationView.swift in Sources */ = {isa = PBXBuildFile; fileRef = 0E2F998B2A49819000CFFE03 /* RegistrationView.swift */; };
		0E2F998F2A49866900CFFE03 /* DefaultTextFieldStyle.swift in Sources */ = {isa = PBXBuildFile; fileRef = 0E2F998E2A49866900CFFE03 /* DefaultTextFieldStyle.swift */; };
		0E2F99912A4A256500CFFE03 /* GoogleService-Info.plist in Resources */ = {isa = PBXBuildFile; fileRef = 0E2F99902A4A256500CFFE03 /* GoogleService-Info.plist */; };
		0E2F99942A4A277E00CFFE03 /* FirebaseAnalytics in Frameworks */ = {isa = PBXBuildFile; productRef = 0E2F99932A4A277E00CFFE03 /* FirebaseAnalytics */; };
		0E2F99962A4A277E00CFFE03 /* FirebaseAuth in Frameworks */ = {isa = PBXBuildFile; productRef = 0E2F99952A4A277E00CFFE03 /* FirebaseAuth */; };
		0E2F99982A4A277E00CFFE03 /* FirebaseFirestore in Frameworks */ = {isa = PBXBuildFile; productRef = 0E2F99972A4A277E00CFFE03 /* FirebaseFirestore */; };
		0E2F999A2A4A277E00CFFE03 /* FirebaseStorage in Frameworks */ = {isa = PBXBuildFile; productRef = 0E2F99992A4A277E00CFFE03 /* FirebaseStorage */; };
		0E2F999C2A4AE62D00CFFE03 /* RegistrationViewModel.swift in Sources */ = {isa = PBXBuildFile; fileRef = 0E2F999B2A4AE62D00CFFE03 /* RegistrationViewModel.swift */; };
		0E2F99A62A4B549800CFFE03 /* SecureTextFieldStyle.swift in Sources */ = {isa = PBXBuildFile; fileRef = 0E2F99A52A4B549800CFFE03 /* SecureTextFieldStyle.swift */; };
		0E2F99B42A4B743C00CFFE03 /* LoginView.swift in Sources */ = {isa = PBXBuildFile; fileRef = 0E2F99B32A4B743C00CFFE03 /* LoginView.swift */; };
		0E2F99B82A4B747200CFFE03 /* LoginViewModel.swift in Sources */ = {isa = PBXBuildFile; fileRef = 0E2F99B72A4B747200CFFE03 /* LoginViewModel.swift */; };
		0E2F99BF2A4C28AD00CFFE03 /* HomeView.swift in Sources */ = {isa = PBXBuildFile; fileRef = 0E2F99BE2A4C28AD00CFFE03 /* HomeView.swift */; };
		0E2F99C22A4C2CF300CFFE03 /* Localizable.strings in Resources */ = {isa = PBXBuildFile; fileRef = 0E2F99C12A4C2CF300CFFE03 /* Localizable.strings */; };
		0E2F99C42A4C2E0200CFFE03 /* Strings+Generated.swift in Sources */ = {isa = PBXBuildFile; fileRef = 0E2F99C32A4C2E0200CFFE03 /* Strings+Generated.swift */; };
/* End PBXBuildFile section */

/* Begin PBXContainerItemProxy section */
		0E2F99652A48ED6500CFFE03 /* PBXContainerItemProxy */ = {
			isa = PBXContainerItemProxy;
			containerPortal = 0E2F994C2A48ED6300CFFE03 /* Project object */;
			proxyType = 1;
			remoteGlobalIDString = 0E2F99532A48ED6300CFFE03;
			remoteInfo = "crypto-cube";
		};
		0E2F996F2A48ED6600CFFE03 /* PBXContainerItemProxy */ = {
			isa = PBXContainerItemProxy;
			containerPortal = 0E2F994C2A48ED6300CFFE03 /* Project object */;
			proxyType = 1;
			remoteGlobalIDString = 0E2F99532A48ED6300CFFE03;
			remoteInfo = "crypto-cube";
		};
/* End PBXContainerItemProxy section */

/* Begin PBXFileReference section */
		0E2F99542A48ED6300CFFE03 /* crypto-cube.app */ = {isa = PBXFileReference; explicitFileType = wrapper.application; includeInIndex = 0; path = "crypto-cube.app"; sourceTree = BUILT_PRODUCTS_DIR; };
		0E2F99572A48ED6300CFFE03 /* crypto_cubeApp.swift */ = {isa = PBXFileReference; lastKnownFileType = sourcecode.swift; path = crypto_cubeApp.swift; sourceTree = "<group>"; };
		0E2F99592A48ED6300CFFE03 /* ContentView.swift */ = {isa = PBXFileReference; lastKnownFileType = sourcecode.swift; path = ContentView.swift; sourceTree = "<group>"; };
		0E2F995B2A48ED6500CFFE03 /* Assets.xcassets */ = {isa = PBXFileReference; lastKnownFileType = folder.assetcatalog; path = Assets.xcassets; sourceTree = "<group>"; };
		0E2F995E2A48ED6500CFFE03 /* Preview Assets.xcassets */ = {isa = PBXFileReference; lastKnownFileType = folder.assetcatalog; path = "Preview Assets.xcassets"; sourceTree = "<group>"; };
		0E2F99642A48ED6500CFFE03 /* crypto-cubeTests.xctest */ = {isa = PBXFileReference; explicitFileType = wrapper.cfbundle; includeInIndex = 0; path = "crypto-cubeTests.xctest"; sourceTree = BUILT_PRODUCTS_DIR; };
		0E2F99682A48ED6600CFFE03 /* crypto_cubeTests.swift */ = {isa = PBXFileReference; lastKnownFileType = sourcecode.swift; path = crypto_cubeTests.swift; sourceTree = "<group>"; };
		0E2F996E2A48ED6600CFFE03 /* crypto-cubeUITests.xctest */ = {isa = PBXFileReference; explicitFileType = wrapper.cfbundle; includeInIndex = 0; path = "crypto-cubeUITests.xctest"; sourceTree = BUILT_PRODUCTS_DIR; };
		0E2F99722A48ED6600CFFE03 /* crypto_cubeUITests.swift */ = {isa = PBXFileReference; lastKnownFileType = sourcecode.swift; path = crypto_cubeUITests.swift; sourceTree = "<group>"; };
		0E2F99742A48ED6600CFFE03 /* crypto_cubeUITestsLaunchTests.swift */ = {isa = PBXFileReference; lastKnownFileType = sourcecode.swift; path = crypto_cubeUITestsLaunchTests.swift; sourceTree = "<group>"; };
		0E2F99892A497FB200CFFE03 /* User.swift */ = {isa = PBXFileReference; lastKnownFileType = sourcecode.swift; path = User.swift; sourceTree = "<group>"; };
		0E2F998B2A49819000CFFE03 /* RegistrationView.swift */ = {isa = PBXFileReference; lastKnownFileType = sourcecode.swift; path = RegistrationView.swift; sourceTree = "<group>"; };
		0E2F998E2A49866900CFFE03 /* DefaultTextFieldStyle.swift */ = {isa = PBXFileReference; lastKnownFileType = sourcecode.swift; path = DefaultTextFieldStyle.swift; sourceTree = "<group>"; };
		0E2F99902A4A256500CFFE03 /* GoogleService-Info.plist */ = {isa = PBXFileReference; fileEncoding = 4; lastKnownFileType = text.plist.xml; path = "GoogleService-Info.plist"; sourceTree = "<group>"; };
		0E2F999B2A4AE62D00CFFE03 /* RegistrationViewModel.swift */ = {isa = PBXFileReference; lastKnownFileType = sourcecode.swift; path = RegistrationViewModel.swift; sourceTree = "<group>"; };
		0E2F99A52A4B549800CFFE03 /* SecureTextFieldStyle.swift */ = {isa = PBXFileReference; lastKnownFileType = sourcecode.swift; path = SecureTextFieldStyle.swift; sourceTree = "<group>"; };
		0E2F99B32A4B743C00CFFE03 /* LoginView.swift */ = {isa = PBXFileReference; lastKnownFileType = sourcecode.swift; path = LoginView.swift; sourceTree = "<group>"; };
		0E2F99B72A4B747200CFFE03 /* LoginViewModel.swift */ = {isa = PBXFileReference; lastKnownFileType = sourcecode.swift; path = LoginViewModel.swift; sourceTree = "<group>"; };
		0E2F99BE2A4C28AD00CFFE03 /* HomeView.swift */ = {isa = PBXFileReference; lastKnownFileType = sourcecode.swift; path = HomeView.swift; sourceTree = "<group>"; };
		0E2F99C12A4C2CF300CFFE03 /* Localizable.strings */ = {isa = PBXFileReference; lastKnownFileType = text.plist.strings; path = Localizable.strings; sourceTree = "<group>"; };
		0E2F99C32A4C2E0200CFFE03 /* Strings+Generated.swift */ = {isa = PBXFileReference; fileEncoding = 4; lastKnownFileType = sourcecode.swift; path = "Strings+Generated.swift"; sourceTree = "<group>"; };
/* End PBXFileReference section */

/* Begin PBXFrameworksBuildPhase section */
		0E2F99512A48ED6300CFFE03 /* Frameworks */ = {
			isa = PBXFrameworksBuildPhase;
			buildActionMask = 2147483647;
			files = (
				0E2F99942A4A277E00CFFE03 /* FirebaseAnalytics in Frameworks */,
				0E2F999A2A4A277E00CFFE03 /* FirebaseStorage in Frameworks */,
				0E2F99962A4A277E00CFFE03 /* FirebaseAuth in Frameworks */,
				0E2F99982A4A277E00CFFE03 /* FirebaseFirestore in Frameworks */,
			);
			runOnlyForDeploymentPostprocessing = 0;
		};
		0E2F99612A48ED6500CFFE03 /* Frameworks */ = {
			isa = PBXFrameworksBuildPhase;
			buildActionMask = 2147483647;
			files = (
			);
			runOnlyForDeploymentPostprocessing = 0;
		};
		0E2F996B2A48ED6600CFFE03 /* Frameworks */ = {
			isa = PBXFrameworksBuildPhase;
			buildActionMask = 2147483647;
			files = (
			);
			runOnlyForDeploymentPostprocessing = 0;
		};
/* End PBXFrameworksBuildPhase section */

/* Begin PBXGroup section */
		0E2F994B2A48ED6300CFFE03 = {
			isa = PBXGroup;
			children = (
				0E2F99562A48ED6300CFFE03 /* crypto-cube */,
				0E2F99672A48ED6600CFFE03 /* crypto-cubeTests */,
				0E2F99712A48ED6600CFFE03 /* crypto-cubeUITests */,
				0E2F99552A48ED6300CFFE03 /* Products */,
			);
			sourceTree = "<group>";
		};
		0E2F99552A48ED6300CFFE03 /* Products */ = {
			isa = PBXGroup;
			children = (
				0E2F99542A48ED6300CFFE03 /* crypto-cube.app */,
				0E2F99642A48ED6500CFFE03 /* crypto-cubeTests.xctest */,
				0E2F996E2A48ED6600CFFE03 /* crypto-cubeUITests.xctest */,
			);
			name = Products;
			sourceTree = "<group>";
		};
		0E2F99562A48ED6300CFFE03 /* crypto-cube */ = {
			isa = PBXGroup;
			children = (
				0E2F99C02A4C2C7700CFFE03 /* Helpers */,
				0E2F998D2A4982C700CFFE03 /* Components */,
				0E2F99832A48EFF700CFFE03 /* Screens */,
				0E2F99822A48EF9E00CFFE03 /* Networking */,
				0E2F99812A48EF5D00CFFE03 /* Resources */,
				0E2F99572A48ED6300CFFE03 /* crypto_cubeApp.swift */,
				0E2F99592A48ED6300CFFE03 /* ContentView.swift */,
				0E2F995D2A48ED6500CFFE03 /* Preview Content */,
			);
			path = "crypto-cube";
			sourceTree = "<group>";
		};
		0E2F995D2A48ED6500CFFE03 /* Preview Content */ = {
			isa = PBXGroup;
			children = (
				0E2F995E2A48ED6500CFFE03 /* Preview Assets.xcassets */,
			);
			path = "Preview Content";
			sourceTree = "<group>";
		};
		0E2F99672A48ED6600CFFE03 /* crypto-cubeTests */ = {
			isa = PBXGroup;
			children = (
				0E2F99682A48ED6600CFFE03 /* crypto_cubeTests.swift */,
			);
			path = "crypto-cubeTests";
			sourceTree = "<group>";
		};
		0E2F99712A48ED6600CFFE03 /* crypto-cubeUITests */ = {
			isa = PBXGroup;
			children = (
				0E2F99722A48ED6600CFFE03 /* crypto_cubeUITests.swift */,
				0E2F99742A48ED6600CFFE03 /* crypto_cubeUITestsLaunchTests.swift */,
			);
			path = "crypto-cubeUITests";
			sourceTree = "<group>";
		};
		0E2F99812A48EF5D00CFFE03 /* Resources */ = {
			isa = PBXGroup;
			children = (
				0E2F995B2A48ED6500CFFE03 /* Assets.xcassets */,
			);
			path = Resources;
			sourceTree = "<group>";
		};
		0E2F99822A48EF9E00CFFE03 /* Networking */ = {
			isa = PBXGroup;
			children = (
				0E2F99902A4A256500CFFE03 /* GoogleService-Info.plist */,
			);
			path = Networking;
			sourceTree = "<group>";
		};
		0E2F99832A48EFF700CFFE03 /* Screens */ = {
			isa = PBXGroup;
			children = (
				0E2F99B92A4C26D000CFFE03 /* Home */,
				0E2F99B22A4B742900CFFE03 /* Login */,
				0E2F99842A48F00F00CFFE03 /* Registration */,
			);
			path = Screens;
			sourceTree = "<group>";
		};
		0E2F99842A48F00F00CFFE03 /* Registration */ = {
			isa = PBXGroup;
			children = (
				0E2F99872A497E4A00CFFE03 /* Model */,
				0E2F99862A497E4600CFFE03 /* View */,
				0E2F99852A497E0E00CFFE03 /* ViewModel */,
			);
			path = Registration;
			sourceTree = "<group>";
		};
		0E2F99852A497E0E00CFFE03 /* ViewModel */ = {
			isa = PBXGroup;
			children = (
				0E2F999B2A4AE62D00CFFE03 /* RegistrationViewModel.swift */,
			);
			path = ViewModel;
			sourceTree = "<group>";
		};
		0E2F99862A497E4600CFFE03 /* View */ = {
			isa = PBXGroup;
			children = (
				0E2F998B2A49819000CFFE03 /* RegistrationView.swift */,
			);
			path = View;
			sourceTree = "<group>";
		};
		0E2F99872A497E4A00CFFE03 /* Model */ = {
			isa = PBXGroup;
			children = (
				0E2F99892A497FB200CFFE03 /* User.swift */,
			);
			path = Model;
			sourceTree = "<group>";
		};
		0E2F998D2A4982C700CFFE03 /* Components */ = {
			isa = PBXGroup;
			children = (
				0E2F998E2A49866900CFFE03 /* DefaultTextFieldStyle.swift */,
				0E2F99A52A4B549800CFFE03 /* SecureTextFieldStyle.swift */,
			);
			path = Components;
			sourceTree = "<group>";
		};
		0E2F99B22A4B742900CFFE03 /* Login */ = {
			isa = PBXGroup;
			children = (
				0E2F99B52A4B744300CFFE03 /* View */,
				0E2F99B62A4B744C00CFFE03 /* VIewModel */,
			);
			path = Login;
			sourceTree = "<group>";
		};
		0E2F99B52A4B744300CFFE03 /* View */ = {
			isa = PBXGroup;
			children = (
				0E2F99B32A4B743C00CFFE03 /* LoginView.swift */,
			);
			path = View;
			sourceTree = "<group>";
		};
		0E2F99B62A4B744C00CFFE03 /* VIewModel */ = {
			isa = PBXGroup;
			children = (
				0E2F99B72A4B747200CFFE03 /* LoginViewModel.swift */,
			);
			path = VIewModel;
			sourceTree = "<group>";
		};
		0E2F99B92A4C26D000CFFE03 /* Home */ = {
			isa = PBXGroup;
			children = (
				0E2F99BA2A4C27AA00CFFE03 /* View */,
			);
			path = Home;
			sourceTree = "<group>";
		};
		0E2F99BA2A4C27AA00CFFE03 /* View */ = {
			isa = PBXGroup;
			children = (
				0E2F99BE2A4C28AD00CFFE03 /* HomeView.swift */,
			);
			path = View;
			sourceTree = "<group>";
		};
		0E2F99C02A4C2C7700CFFE03 /* Helpers */ = {
			isa = PBXGroup;
			children = (
				0E2F99C32A4C2E0200CFFE03 /* Strings+Generated.swift */,
				0E2F99C12A4C2CF300CFFE03 /* Localizable.strings */,
			);
			path = Helpers;
			sourceTree = "<group>";
		};
/* End PBXGroup section */

/* Begin PBXNativeTarget section */
		0E2F99532A48ED6300CFFE03 /* crypto-cube */ = {
			isa = PBXNativeTarget;
			buildConfigurationList = 0E2F99782A48ED6600CFFE03 /* Build configuration list for PBXNativeTarget "crypto-cube" */;
			buildPhases = (
				0E2F99502A48ED6300CFFE03 /* Sources */,
				0E2F99512A48ED6300CFFE03 /* Frameworks */,
				0E2F99522A48ED6300CFFE03 /* Resources */,
			);
			buildRules = (
			);
			dependencies = (
			);
			name = "crypto-cube";
			packageProductDependencies = (
				0E2F99932A4A277E00CFFE03 /* FirebaseAnalytics */,
				0E2F99952A4A277E00CFFE03 /* FirebaseAuth */,
				0E2F99972A4A277E00CFFE03 /* FirebaseFirestore */,
				0E2F99992A4A277E00CFFE03 /* FirebaseStorage */,
			);
			productName = "crypto-cube";
			productReference = 0E2F99542A48ED6300CFFE03 /* crypto-cube.app */;
			productType = "com.apple.product-type.application";
		};
		0E2F99632A48ED6500CFFE03 /* crypto-cubeTests */ = {
			isa = PBXNativeTarget;
			buildConfigurationList = 0E2F997B2A48ED6600CFFE03 /* Build configuration list for PBXNativeTarget "crypto-cubeTests" */;
			buildPhases = (
				0E2F99602A48ED6500CFFE03 /* Sources */,
				0E2F99612A48ED6500CFFE03 /* Frameworks */,
				0E2F99622A48ED6500CFFE03 /* Resources */,
			);
			buildRules = (
			);
			dependencies = (
				0E2F99662A48ED6500CFFE03 /* PBXTargetDependency */,
			);
			name = "crypto-cubeTests";
			productName = "crypto-cubeTests";
			productReference = 0E2F99642A48ED6500CFFE03 /* crypto-cubeTests.xctest */;
			productType = "com.apple.product-type.bundle.unit-test";
		};
		0E2F996D2A48ED6600CFFE03 /* crypto-cubeUITests */ = {
			isa = PBXNativeTarget;
			buildConfigurationList = 0E2F997E2A48ED6600CFFE03 /* Build configuration list for PBXNativeTarget "crypto-cubeUITests" */;
			buildPhases = (
				0E2F996A2A48ED6600CFFE03 /* Sources */,
				0E2F996B2A48ED6600CFFE03 /* Frameworks */,
				0E2F996C2A48ED6600CFFE03 /* Resources */,
			);
			buildRules = (
			);
			dependencies = (
				0E2F99702A48ED6600CFFE03 /* PBXTargetDependency */,
			);
			name = "crypto-cubeUITests";
			productName = "crypto-cubeUITests";
			productReference = 0E2F996E2A48ED6600CFFE03 /* crypto-cubeUITests.xctest */;
			productType = "com.apple.product-type.bundle.ui-testing";
		};
/* End PBXNativeTarget section */

/* Begin PBXProject section */
		0E2F994C2A48ED6300CFFE03 /* Project object */ = {
			isa = PBXProject;
			attributes = {
				BuildIndependentTargetsInParallel = 1;
				LastSwiftUpdateCheck = 1430;
				LastUpgradeCheck = 1430;
				TargetAttributes = {
					0E2F99532A48ED6300CFFE03 = {
						CreatedOnToolsVersion = 14.3.1;
					};
					0E2F99632A48ED6500CFFE03 = {
						CreatedOnToolsVersion = 14.3.1;
						TestTargetID = 0E2F99532A48ED6300CFFE03;
					};
					0E2F996D2A48ED6600CFFE03 = {
						CreatedOnToolsVersion = 14.3.1;
						TestTargetID = 0E2F99532A48ED6300CFFE03;
					};
				};
			};
			buildConfigurationList = 0E2F994F2A48ED6300CFFE03 /* Build configuration list for PBXProject "crypto-cube" */;
			compatibilityVersion = "Xcode 14.0";
			developmentRegion = en;
			hasScannedForEncodings = 0;
			knownRegions = (
				en,
				Base,
			);
			mainGroup = 0E2F994B2A48ED6300CFFE03;
			packageReferences = (
				0E2F99922A4A277E00CFFE03 /* XCRemoteSwiftPackageReference "firebase-ios-sdk" */,
			);
			productRefGroup = 0E2F99552A48ED6300CFFE03 /* Products */;
			projectDirPath = "";
			projectRoot = "";
			targets = (
				0E2F99532A48ED6300CFFE03 /* crypto-cube */,
				0E2F99632A48ED6500CFFE03 /* crypto-cubeTests */,
				0E2F996D2A48ED6600CFFE03 /* crypto-cubeUITests */,
			);
		};
/* End PBXProject section */

/* Begin PBXResourcesBuildPhase section */
		0E2F99522A48ED6300CFFE03 /* Resources */ = {
			isa = PBXResourcesBuildPhase;
			buildActionMask = 2147483647;
			files = (
				0E2F995F2A48ED6500CFFE03 /* Preview Assets.xcassets in Resources */,
				0E2F99C22A4C2CF300CFFE03 /* Localizable.strings in Resources */,
				0E2F99912A4A256500CFFE03 /* GoogleService-Info.plist in Resources */,
				0E2F995C2A48ED6500CFFE03 /* Assets.xcassets in Resources */,
			);
			runOnlyForDeploymentPostprocessing = 0;
		};
		0E2F99622A48ED6500CFFE03 /* Resources */ = {
			isa = PBXResourcesBuildPhase;
			buildActionMask = 2147483647;
			files = (
			);
			runOnlyForDeploymentPostprocessing = 0;
		};
		0E2F996C2A48ED6600CFFE03 /* Resources */ = {
			isa = PBXResourcesBuildPhase;
			buildActionMask = 2147483647;
			files = (
			);
			runOnlyForDeploymentPostprocessing = 0;
		};
/* End PBXResourcesBuildPhase section */

/* Begin PBXSourcesBuildPhase section */
		0E2F99502A48ED6300CFFE03 /* Sources */ = {
			isa = PBXSourcesBuildPhase;
			buildActionMask = 2147483647;
			files = (
				0E2F995A2A48ED6300CFFE03 /* ContentView.swift in Sources */,
				0E2F999C2A4AE62D00CFFE03 /* RegistrationViewModel.swift in Sources */,
				0E2F99582A48ED6300CFFE03 /* crypto_cubeApp.swift in Sources */,
				0E2F99BF2A4C28AD00CFFE03 /* HomeView.swift in Sources */,
				0E2F998A2A497FB200CFFE03 /* User.swift in Sources */,
				0E2F99A62A4B549800CFFE03 /* SecureTextFieldStyle.swift in Sources */,
				0E2F998F2A49866900CFFE03 /* DefaultTextFieldStyle.swift in Sources */,
				0E2F99B42A4B743C00CFFE03 /* LoginView.swift in Sources */,
				0E2F998C2A49819000CFFE03 /* RegistrationView.swift in Sources */,
				0E2F99B82A4B747200CFFE03 /* LoginViewModel.swift in Sources */,
				0E2F99C42A4C2E0200CFFE03 /* Strings+Generated.swift in Sources */,
			);
			runOnlyForDeploymentPostprocessing = 0;
		};
		0E2F99602A48ED6500CFFE03 /* Sources */ = {
			isa = PBXSourcesBuildPhase;
			buildActionMask = 2147483647;
			files = (
				0E2F99692A48ED6600CFFE03 /* crypto_cubeTests.swift in Sources */,
			);
			runOnlyForDeploymentPostprocessing = 0;
		};
		0E2F996A2A48ED6600CFFE03 /* Sources */ = {
			isa = PBXSourcesBuildPhase;
			buildActionMask = 2147483647;
			files = (
				0E2F99752A48ED6600CFFE03 /* crypto_cubeUITestsLaunchTests.swift in Sources */,
				0E2F99732A48ED6600CFFE03 /* crypto_cubeUITests.swift in Sources */,
			);
			runOnlyForDeploymentPostprocessing = 0;
		};
/* End PBXSourcesBuildPhase section */

/* Begin PBXTargetDependency section */
		0E2F99662A48ED6500CFFE03 /* PBXTargetDependency */ = {
			isa = PBXTargetDependency;
			target = 0E2F99532A48ED6300CFFE03 /* crypto-cube */;
			targetProxy = 0E2F99652A48ED6500CFFE03 /* PBXContainerItemProxy */;
		};
		0E2F99702A48ED6600CFFE03 /* PBXTargetDependency */ = {
			isa = PBXTargetDependency;
			target = 0E2F99532A48ED6300CFFE03 /* crypto-cube */;
			targetProxy = 0E2F996F2A48ED6600CFFE03 /* PBXContainerItemProxy */;
		};
/* End PBXTargetDependency section */

/* Begin XCBuildConfiguration section */
		0E2F99762A48ED6600CFFE03 /* Debug */ = {
			isa = XCBuildConfiguration;
			buildSettings = {
				ALWAYS_SEARCH_USER_PATHS = NO;
				CLANG_ANALYZER_NONNULL = YES;
				CLANG_ANALYZER_NUMBER_OBJECT_CONVERSION = YES_AGGRESSIVE;
				CLANG_CXX_LANGUAGE_STANDARD = "gnu++20";
				CLANG_ENABLE_MODULES = YES;
				CLANG_ENABLE_OBJC_ARC = YES;
				CLANG_ENABLE_OBJC_WEAK = YES;
				CLANG_WARN_BLOCK_CAPTURE_AUTORELEASING = YES;
				CLANG_WARN_BOOL_CONVERSION = YES;
				CLANG_WARN_COMMA = YES;
				CLANG_WARN_CONSTANT_CONVERSION = YES;
				CLANG_WARN_DEPRECATED_OBJC_IMPLEMENTATIONS = YES;
				CLANG_WARN_DIRECT_OBJC_ISA_USAGE = YES_ERROR;
				CLANG_WARN_DOCUMENTATION_COMMENTS = YES;
				CLANG_WARN_EMPTY_BODY = YES;
				CLANG_WARN_ENUM_CONVERSION = YES;
				CLANG_WARN_INFINITE_RECURSION = YES;
				CLANG_WARN_INT_CONVERSION = YES;
				CLANG_WARN_NON_LITERAL_NULL_CONVERSION = YES;
				CLANG_WARN_OBJC_IMPLICIT_RETAIN_SELF = YES;
				CLANG_WARN_OBJC_LITERAL_CONVERSION = YES;
				CLANG_WARN_OBJC_ROOT_CLASS = YES_ERROR;
				CLANG_WARN_QUOTED_INCLUDE_IN_FRAMEWORK_HEADER = YES;
				CLANG_WARN_RANGE_LOOP_ANALYSIS = YES;
				CLANG_WARN_STRICT_PROTOTYPES = YES;
				CLANG_WARN_SUSPICIOUS_MOVE = YES;
				CLANG_WARN_UNGUARDED_AVAILABILITY = YES_AGGRESSIVE;
				CLANG_WARN_UNREACHABLE_CODE = YES;
				CLANG_WARN__DUPLICATE_METHOD_MATCH = YES;
				COPY_PHASE_STRIP = NO;
				DEBUG_INFORMATION_FORMAT = dwarf;
				ENABLE_STRICT_OBJC_MSGSEND = YES;
				ENABLE_TESTABILITY = YES;
				GCC_C_LANGUAGE_STANDARD = gnu11;
				GCC_DYNAMIC_NO_PIC = NO;
				GCC_NO_COMMON_BLOCKS = YES;
				GCC_OPTIMIZATION_LEVEL = 0;
				GCC_PREPROCESSOR_DEFINITIONS = (
					"DEBUG=1",
					"$(inherited)",
				);
				GCC_WARN_64_TO_32_BIT_CONVERSION = YES;
				GCC_WARN_ABOUT_RETURN_TYPE = YES_ERROR;
				GCC_WARN_UNDECLARED_SELECTOR = YES;
				GCC_WARN_UNINITIALIZED_AUTOS = YES_AGGRESSIVE;
				GCC_WARN_UNUSED_FUNCTION = YES;
				GCC_WARN_UNUSED_VARIABLE = YES;
				IPHONEOS_DEPLOYMENT_TARGET = 16.4;
				MTL_ENABLE_DEBUG_INFO = INCLUDE_SOURCE;
				MTL_FAST_MATH = YES;
				ONLY_ACTIVE_ARCH = YES;
				SDKROOT = iphoneos;
				SWIFT_ACTIVE_COMPILATION_CONDITIONS = DEBUG;
				SWIFT_OPTIMIZATION_LEVEL = "-Onone";
			};
			name = Debug;
		};
		0E2F99772A48ED6600CFFE03 /* Release */ = {
			isa = XCBuildConfiguration;
			buildSettings = {
				ALWAYS_SEARCH_USER_PATHS = NO;
				CLANG_ANALYZER_NONNULL = YES;
				CLANG_ANALYZER_NUMBER_OBJECT_CONVERSION = YES_AGGRESSIVE;
				CLANG_CXX_LANGUAGE_STANDARD = "gnu++20";
				CLANG_ENABLE_MODULES = YES;
				CLANG_ENABLE_OBJC_ARC = YES;
				CLANG_ENABLE_OBJC_WEAK = YES;
				CLANG_WARN_BLOCK_CAPTURE_AUTORELEASING = YES;
				CLANG_WARN_BOOL_CONVERSION = YES;
				CLANG_WARN_COMMA = YES;
				CLANG_WARN_CONSTANT_CONVERSION = YES;
				CLANG_WARN_DEPRECATED_OBJC_IMPLEMENTATIONS = YES;
				CLANG_WARN_DIRECT_OBJC_ISA_USAGE = YES_ERROR;
				CLANG_WARN_DOCUMENTATION_COMMENTS = YES;
				CLANG_WARN_EMPTY_BODY = YES;
				CLANG_WARN_ENUM_CONVERSION = YES;
				CLANG_WARN_INFINITE_RECURSION = YES;
				CLANG_WARN_INT_CONVERSION = YES;
				CLANG_WARN_NON_LITERAL_NULL_CONVERSION = YES;
				CLANG_WARN_OBJC_IMPLICIT_RETAIN_SELF = YES;
				CLANG_WARN_OBJC_LITERAL_CONVERSION = YES;
				CLANG_WARN_OBJC_ROOT_CLASS = YES_ERROR;
				CLANG_WARN_QUOTED_INCLUDE_IN_FRAMEWORK_HEADER = YES;
				CLANG_WARN_RANGE_LOOP_ANALYSIS = YES;
				CLANG_WARN_STRICT_PROTOTYPES = YES;
				CLANG_WARN_SUSPICIOUS_MOVE = YES;
				CLANG_WARN_UNGUARDED_AVAILABILITY = YES_AGGRESSIVE;
				CLANG_WARN_UNREACHABLE_CODE = YES;
				CLANG_WARN__DUPLICATE_METHOD_MATCH = YES;
				COPY_PHASE_STRIP = NO;
				DEBUG_INFORMATION_FORMAT = "dwarf-with-dsym";
				ENABLE_NS_ASSERTIONS = NO;
				ENABLE_STRICT_OBJC_MSGSEND = YES;
				GCC_C_LANGUAGE_STANDARD = gnu11;
				GCC_NO_COMMON_BLOCKS = YES;
				GCC_WARN_64_TO_32_BIT_CONVERSION = YES;
				GCC_WARN_ABOUT_RETURN_TYPE = YES_ERROR;
				GCC_WARN_UNDECLARED_SELECTOR = YES;
				GCC_WARN_UNINITIALIZED_AUTOS = YES_AGGRESSIVE;
				GCC_WARN_UNUSED_FUNCTION = YES;
				GCC_WARN_UNUSED_VARIABLE = YES;
				IPHONEOS_DEPLOYMENT_TARGET = 16.4;
				MTL_ENABLE_DEBUG_INFO = NO;
				MTL_FAST_MATH = YES;
				SDKROOT = iphoneos;
				SWIFT_COMPILATION_MODE = wholemodule;
				SWIFT_OPTIMIZATION_LEVEL = "-O";
				VALIDATE_PRODUCT = YES;
			};
			name = Release;
		};
		0E2F99792A48ED6600CFFE03 /* Debug */ = {
			isa = XCBuildConfiguration;
			buildSettings = {
				ASSETCATALOG_COMPILER_APPICON_NAME = AppIcon;
				ASSETCATALOG_COMPILER_GLOBAL_ACCENT_COLOR_NAME = AccentColor;
				CODE_SIGN_STYLE = Automatic;
				CURRENT_PROJECT_VERSION = 1;
				DEVELOPMENT_ASSET_PATHS = "\"crypto-cube/Preview Content\"";
				DEVELOPMENT_TEAM = 5464LMAQBK;
				ENABLE_PREVIEWS = YES;
				GENERATE_INFOPLIST_FILE = YES;
				INFOPLIST_KEY_UIApplicationSceneManifest_Generation = YES;
				INFOPLIST_KEY_UIApplicationSupportsIndirectInputEvents = YES;
				INFOPLIST_KEY_UILaunchScreen_Generation = YES;
				INFOPLIST_KEY_UISupportedInterfaceOrientations_iPad = "UIInterfaceOrientationPortrait UIInterfaceOrientationPortraitUpsideDown UIInterfaceOrientationLandscapeLeft UIInterfaceOrientationLandscapeRight";
				INFOPLIST_KEY_UISupportedInterfaceOrientations_iPhone = "UIInterfaceOrientationPortrait UIInterfaceOrientationLandscapeLeft UIInterfaceOrientationLandscapeRight";
				LD_RUNPATH_SEARCH_PATHS = (
					"$(inherited)",
					"@executable_path/Frameworks",
				);
				MARKETING_VERSION = 1.0;
				PRODUCT_BUNDLE_IDENTIFIER = "io.github.maciejdubowik.crypto-cube";
				PRODUCT_NAME = "$(TARGET_NAME)";
				SWIFT_EMIT_LOC_STRINGS = YES;
				SWIFT_VERSION = 5.0;
				TARGETED_DEVICE_FAMILY = "1,2";
			};
			name = Debug;
		};
		0E2F997A2A48ED6600CFFE03 /* Release */ = {
			isa = XCBuildConfiguration;
			buildSettings = {
				ASSETCATALOG_COMPILER_APPICON_NAME = AppIcon;
				ASSETCATALOG_COMPILER_GLOBAL_ACCENT_COLOR_NAME = AccentColor;
				CODE_SIGN_STYLE = Automatic;
				CURRENT_PROJECT_VERSION = 1;
				DEVELOPMENT_ASSET_PATHS = "\"crypto-cube/Preview Content\"";
				DEVELOPMENT_TEAM = 5464LMAQBK;
				ENABLE_PREVIEWS = YES;
				GENERATE_INFOPLIST_FILE = YES;
				INFOPLIST_KEY_UIApplicationSceneManifest_Generation = YES;
				INFOPLIST_KEY_UIApplicationSupportsIndirectInputEvents = YES;
				INFOPLIST_KEY_UILaunchScreen_Generation = YES;
				INFOPLIST_KEY_UISupportedInterfaceOrientations_iPad = "UIInterfaceOrientationPortrait UIInterfaceOrientationPortraitUpsideDown UIInterfaceOrientationLandscapeLeft UIInterfaceOrientationLandscapeRight";
				INFOPLIST_KEY_UISupportedInterfaceOrientations_iPhone = "UIInterfaceOrientationPortrait UIInterfaceOrientationLandscapeLeft UIInterfaceOrientationLandscapeRight";
				LD_RUNPATH_SEARCH_PATHS = (
					"$(inherited)",
					"@executable_path/Frameworks",
				);
				MARKETING_VERSION = 1.0;
				PRODUCT_BUNDLE_IDENTIFIER = "io.github.maciejdubowik.crypto-cube";
				PRODUCT_NAME = "$(TARGET_NAME)";
				SWIFT_EMIT_LOC_STRINGS = YES;
				SWIFT_VERSION = 5.0;
				TARGETED_DEVICE_FAMILY = "1,2";
			};
			name = Release;
		};
		0E2F997C2A48ED6600CFFE03 /* Debug */ = {
			isa = XCBuildConfiguration;
			buildSettings = {
				ALWAYS_EMBED_SWIFT_STANDARD_LIBRARIES = YES;
				BUNDLE_LOADER = "$(TEST_HOST)";
				CODE_SIGN_STYLE = Automatic;
				CURRENT_PROJECT_VERSION = 1;
				DEVELOPMENT_TEAM = 5464LMAQBK;
				GENERATE_INFOPLIST_FILE = YES;
				IPHONEOS_DEPLOYMENT_TARGET = 16.4;
				MARKETING_VERSION = 1.0;
				PRODUCT_BUNDLE_IDENTIFIER = "io.github.maciejdubowik.crypto-cubeTests";
				PRODUCT_NAME = "$(TARGET_NAME)";
				SWIFT_EMIT_LOC_STRINGS = NO;
				SWIFT_VERSION = 5.0;
				TARGETED_DEVICE_FAMILY = "1,2";
				TEST_HOST = "$(BUILT_PRODUCTS_DIR)/crypto-cube.app/$(BUNDLE_EXECUTABLE_FOLDER_PATH)/crypto-cube";
			};
			name = Debug;
		};
		0E2F997D2A48ED6600CFFE03 /* Release */ = {
			isa = XCBuildConfiguration;
			buildSettings = {
				ALWAYS_EMBED_SWIFT_STANDARD_LIBRARIES = YES;
				BUNDLE_LOADER = "$(TEST_HOST)";
				CODE_SIGN_STYLE = Automatic;
				CURRENT_PROJECT_VERSION = 1;
				DEVELOPMENT_TEAM = 5464LMAQBK;
				GENERATE_INFOPLIST_FILE = YES;
				IPHONEOS_DEPLOYMENT_TARGET = 16.4;
				MARKETING_VERSION = 1.0;
				PRODUCT_BUNDLE_IDENTIFIER = "io.github.maciejdubowik.crypto-cubeTests";
				PRODUCT_NAME = "$(TARGET_NAME)";
				SWIFT_EMIT_LOC_STRINGS = NO;
				SWIFT_VERSION = 5.0;
				TARGETED_DEVICE_FAMILY = "1,2";
				TEST_HOST = "$(BUILT_PRODUCTS_DIR)/crypto-cube.app/$(BUNDLE_EXECUTABLE_FOLDER_PATH)/crypto-cube";
			};
			name = Release;
		};
		0E2F997F2A48ED6600CFFE03 /* Debug */ = {
			isa = XCBuildConfiguration;
			buildSettings = {
				ALWAYS_EMBED_SWIFT_STANDARD_LIBRARIES = YES;
				CODE_SIGN_STYLE = Automatic;
				CURRENT_PROJECT_VERSION = 1;
				DEVELOPMENT_TEAM = 5464LMAQBK;
				GENERATE_INFOPLIST_FILE = YES;
				MARKETING_VERSION = 1.0;
				PRODUCT_BUNDLE_IDENTIFIER = "io.github.maciejdubowik.crypto-cubeUITests";
				PRODUCT_NAME = "$(TARGET_NAME)";
				SWIFT_EMIT_LOC_STRINGS = NO;
				SWIFT_VERSION = 5.0;
				TARGETED_DEVICE_FAMILY = "1,2";
				TEST_TARGET_NAME = "crypto-cube";
			};
			name = Debug;
		};
		0E2F99802A48ED6600CFFE03 /* Release */ = {
			isa = XCBuildConfiguration;
			buildSettings = {
				ALWAYS_EMBED_SWIFT_STANDARD_LIBRARIES = YES;
				CODE_SIGN_STYLE = Automatic;
				CURRENT_PROJECT_VERSION = 1;
				DEVELOPMENT_TEAM = 5464LMAQBK;
				GENERATE_INFOPLIST_FILE = YES;
				MARKETING_VERSION = 1.0;
				PRODUCT_BUNDLE_IDENTIFIER = "io.github.maciejdubowik.crypto-cubeUITests";
				PRODUCT_NAME = "$(TARGET_NAME)";
				SWIFT_EMIT_LOC_STRINGS = NO;
				SWIFT_VERSION = 5.0;
				TARGETED_DEVICE_FAMILY = "1,2";
				TEST_TARGET_NAME = "crypto-cube";
			};
			name = Release;
		};
/* End XCBuildConfiguration section */

/* Begin XCConfigurationList section */
		0E2F994F2A48ED6300CFFE03 /* Build configuration list for PBXProject "crypto-cube" */ = {
			isa = XCConfigurationList;
			buildConfigurations = (
				0E2F99762A48ED6600CFFE03 /* Debug */,
				0E2F99772A48ED6600CFFE03 /* Release */,
			);
			defaultConfigurationIsVisible = 0;
			defaultConfigurationName = Release;
		};
		0E2F99782A48ED6600CFFE03 /* Build configuration list for PBXNativeTarget "crypto-cube" */ = {
			isa = XCConfigurationList;
			buildConfigurations = (
				0E2F99792A48ED6600CFFE03 /* Debug */,
				0E2F997A2A48ED6600CFFE03 /* Release */,
			);
			defaultConfigurationIsVisible = 0;
			defaultConfigurationName = Release;
		};
		0E2F997B2A48ED6600CFFE03 /* Build configuration list for PBXNativeTarget "crypto-cubeTests" */ = {
			isa = XCConfigurationList;
			buildConfigurations = (
				0E2F997C2A48ED6600CFFE03 /* Debug */,
				0E2F997D2A48ED6600CFFE03 /* Release */,
			);
			defaultConfigurationIsVisible = 0;
			defaultConfigurationName = Release;
		};
		0E2F997E2A48ED6600CFFE03 /* Build configuration list for PBXNativeTarget "crypto-cubeUITests" */ = {
			isa = XCConfigurationList;
			buildConfigurations = (
				0E2F997F2A48ED6600CFFE03 /* Debug */,
				0E2F99802A48ED6600CFFE03 /* Release */,
			);
			defaultConfigurationIsVisible = 0;
			defaultConfigurationName = Release;
		};
/* End XCConfigurationList section */

/* Begin XCRemoteSwiftPackageReference section */
		0E2F99922A4A277E00CFFE03 /* XCRemoteSwiftPackageReference "firebase-ios-sdk" */ = {
			isa = XCRemoteSwiftPackageReference;
			repositoryURL = "https://github.com/firebase/firebase-ios-sdk";
			requirement = {
				kind = upToNextMajorVersion;
				minimumVersion = 10.0.0;
			};
		};
/* End XCRemoteSwiftPackageReference section */

/* Begin XCSwiftPackageProductDependency section */
		0E2F99932A4A277E00CFFE03 /* FirebaseAnalytics */ = {
			isa = XCSwiftPackageProductDependency;
			package = 0E2F99922A4A277E00CFFE03 /* XCRemoteSwiftPackageReference "firebase-ios-sdk" */;
			productName = FirebaseAnalytics;
		};
		0E2F99952A4A277E00CFFE03 /* FirebaseAuth */ = {
			isa = XCSwiftPackageProductDependency;
			package = 0E2F99922A4A277E00CFFE03 /* XCRemoteSwiftPackageReference "firebase-ios-sdk" */;
			productName = FirebaseAuth;
		};
		0E2F99972A4A277E00CFFE03 /* FirebaseFirestore */ = {
			isa = XCSwiftPackageProductDependency;
			package = 0E2F99922A4A277E00CFFE03 /* XCRemoteSwiftPackageReference "firebase-ios-sdk" */;
			productName = FirebaseFirestore;
		};
		0E2F99992A4A277E00CFFE03 /* FirebaseStorage */ = {
			isa = XCSwiftPackageProductDependency;
			package = 0E2F99922A4A277E00CFFE03 /* XCRemoteSwiftPackageReference "firebase-ios-sdk" */;
			productName = FirebaseStorage;
		};
/* End XCSwiftPackageProductDependency section */
	};
	rootObject = 0E2F994C2A48ED6300CFFE03 /* Project object */;
}
